lockfileVersion: '9.0'

settings:
  autoInstallPeers: true
  excludeLinksFromLockfile: false

importers:

  .:
    devDependencies:
      '@hyperz111/prettier-config':
        specifier: ^0.1.1
        version: 0.1.1(prettier@3.6.2)
      prettier:
        specifier: ^3.6.2
        version: 3.6.2
      typescript:
        specifier: ^5.9.3
        version: 5.9.3

packages:

  '@hyperz111/prettier-config@0.1.1':
    resolution: {integrity: sha512-t89MibeTx0ZBxGCtZ3I0K3Qx1ehJpu1X+dHa57vroicG+3RYDCkmQMvKPzjj+C41kOR17WZD1MRyXbzGSYa6dw==}
    peerDependencies:
      prettier: '>=3.6.2'

  prettier@3.6.2:
    resolution: {integrity: sha512-I7AIg5boAr5R0FFtJ6rCfD+LFsWHp81dolrFD8S79U9tb8Az2nGrJncnMSnys+bpQJfRUzqs9hnA81OAA3hCuQ==}
    engines: {node: '>=14'}
    hasBin: true

  typescript@5.9.3:
    resolution: {integrity: sha512-jl1vZzPDinLr9eUt3J/t7V6FgNEw9QjvBPdysz9KfQDD41fQrC2Y4vKQdiaUpFT4bXlb1RHhLpp8wtm6M5TgSw==}
    engines: {node: '>=14.17'}
    hasBin: true

snapshots:

  '@hyperz111/prettier-config@0.1.1(prettier@3.6.2)':
    dependencies:
      prettier: 3.6.2

  prettier@3.6.2: {}

  typescript@5.9.3: {}
